
Microsoft Visual Studio Solution File, Format Version 12.00
# Visual Studio 15
VisualStudioVersion = 15.0.28307.271
MinimumVisualStudioVersion = 10.0.40219.1
Project("{888888A0-9F3D-457C-B088-3A5042F75D52}") = "Basic Django Web", "Basic Django Web\Basic Django Web.pyproj", "{C2BF6633-2BA1-455A-ABC2-6B9DE26E6314}"
EndProject
Global
	GlobalSection(SolutionConfigurationPlatforms) = preSolution
		Debug|Any CPU = Debug|Any CPU
		Release|Any CPU = Release|Any CPU
	EndGlobalSection
	GlobalSection(ProjectConfigurationPlatforms) = postSolution
		{C2BF6633-2BA1-455A-ABC2-6B9DE26E6314}.Debug|Any CPU.ActiveCfg = Debug|Any CPU
		{C2BF6633-2BA1-455A-ABC2-6B9DE26E6314}.Debug|Any CPU.Build.0 = Debug|Any CPU
		{C2BF6633-2BA1-455A-ABC2-6B9DE26E6314}.Release|Any CPU.ActiveCfg = Release|Any CPU
		{C2BF6633-2BA1-455A-ABC2-6B9DE26E6314}.Release|Any CPU.Build.0 = Release|Any CPU
	EndGlobalSection
	GlobalSection(SolutionProperties) = preSolution
		HideSolutionNode = FALSE
	EndGlobalSection
	GlobalSection(ExtensibilityGlobals) = postSolution
		SolutionGuid = {234ABF9F-6740-4DB7-8BD9-866A6CF154D5}
	EndGlobalSection
EndGlobal
